
Microsoft Visual Studio Solution File, Format Version 12.00
# Visual Studio Version 17
VisualStudioVersion = 17.0.31903.59
MinimumVisualStudioVersion = 10.0.40219.1
Project("{FAE04EC0-301F-11D3-BF4B-00C04F79EFBC}") = "AlienAttack", "AlienAttack\AlienAttack.csproj", "{8CE93A5A-39ED-4D95-AD74-7ADA9A687F52}"
EndProject
Project("{FAE04EC0-301F-11D3-BF4B-00C04F79EFBC}") = "JuicyGame", "JuicyGame\JuicyGame.csproj", "{79B5FE84-D9F7-4FD0-83E6-8C9169E39AA7}"
EndProject
Project("{FAE04EC0-301F-11D3-BF4B-00C04F79EFBC}") = "MartianMike", "MartianMike\MartianMike.csproj", "{AC5BF44D-ED0E-4CBA-B0FD-BCDD6251B581}"
EndProject
Project("{FAE04EC0-301F-11D3-BF4B-00C04F79EFBC}") = "Tappy Plane", "TappyPlane\Tappy Plane.csproj", "{104C8898-2B8D-4778-98E7-8A979E71D0C6}"
EndProject
Project("{FAE04EC0-301F-11D3-BF4B-00C04F79EFBC}") = "GodotCsharpExtension", "GodotCsharpExtension\GodotCsharpExtension.csproj", "{C9DB6EAF-E68B-4B28-B242-AFB04EDBAC0C}"
EndProject
Project("{FAE04EC0-301F-11D3-BF4B-00C04F79EFBC}") = "AngryAnimals", "AngryAnimals\AngryAnimals.csproj", "{20FDD0EB-F71E-4619-8314-E8F5CC0F37C1}"
EndProject
Project("{FAE04EC0-301F-11D3-BF4B-00C04F79EFBC}") = "Dungeon RPG", "Dungeon RPG\Dungeon RPG.csproj", "{42D01219-64F5-4568-B9DE-8A79A3CA0128}"
EndProject
Global
	GlobalSection(SolutionConfigurationPlatforms) = preSolution
		Debug|Any CPU = Debug|Any CPU
		Release|Any CPU = Release|Any CPU
	EndGlobalSection
	GlobalSection(SolutionProperties) = preSolution
		HideSolutionNode = FALSE
	EndGlobalSection
	GlobalSection(ProjectConfigurationPlatforms) = postSolution
		{8CE93A5A-39ED-4D95-AD74-7ADA9A687F52}.Debug|Any CPU.ActiveCfg = Debug|Any CPU
		{8CE93A5A-39ED-4D95-AD74-7ADA9A687F52}.Debug|Any CPU.Build.0 = Debug|Any CPU
		{8CE93A5A-39ED-4D95-AD74-7ADA9A687F52}.Release|Any CPU.ActiveCfg = Debug|Any CPU
		{8CE93A5A-39ED-4D95-AD74-7ADA9A687F52}.Release|Any CPU.Build.0 = Debug|Any CPU
		{79B5FE84-D9F7-4FD0-83E6-8C9169E39AA7}.Debug|Any CPU.ActiveCfg = Debug|Any CPU
		{79B5FE84-D9F7-4FD0-83E6-8C9169E39AA7}.Debug|Any CPU.Build.0 = Debug|Any CPU
		{79B5FE84-D9F7-4FD0-83E6-8C9169E39AA7}.Release|Any CPU.ActiveCfg = Debug|Any CPU
		{79B5FE84-D9F7-4FD0-83E6-8C9169E39AA7}.Release|Any CPU.Build.0 = Debug|Any CPU
		{AC5BF44D-ED0E-4CBA-B0FD-BCDD6251B581}.Debug|Any CPU.ActiveCfg = Debug|Any CPU
		{AC5BF44D-ED0E-4CBA-B0FD-BCDD6251B581}.Debug|Any CPU.Build.0 = Debug|Any CPU
		{AC5BF44D-ED0E-4CBA-B0FD-BCDD6251B581}.Release|Any CPU.ActiveCfg = Debug|Any CPU
		{AC5BF44D-ED0E-4CBA-B0FD-BCDD6251B581}.Release|Any CPU.Build.0 = Debug|Any CPU
		{104C8898-2B8D-4778-98E7-8A979E71D0C6}.Debug|Any CPU.ActiveCfg = Debug|Any CPU
		{104C8898-2B8D-4778-98E7-8A979E71D0C6}.Debug|Any CPU.Build.0 = Debug|Any CPU
		{104C8898-2B8D-4778-98E7-8A979E71D0C6}.Release|Any CPU.ActiveCfg = Debug|Any CPU
		{104C8898-2B8D-4778-98E7-8A979E71D0C6}.Release|Any CPU.Build.0 = Debug|Any CPU
		{C9DB6EAF-E68B-4B28-B242-AFB04EDBAC0C}.Debug|Any CPU.ActiveCfg = Debug|Any CPU
		{C9DB6EAF-E68B-4B28-B242-AFB04EDBAC0C}.Debug|Any CPU.Build.0 = Debug|Any CPU
		{C9DB6EAF-E68B-4B28-B242-AFB04EDBAC0C}.Release|Any CPU.ActiveCfg = Release|Any CPU
		{C9DB6EAF-E68B-4B28-B242-AFB04EDBAC0C}.Release|Any CPU.Build.0 = Release|Any CPU
		{20FDD0EB-F71E-4619-8314-E8F5CC0F37C1}.Debug|Any CPU.ActiveCfg = Debug|Any CPU
		{20FDD0EB-F71E-4619-8314-E8F5CC0F37C1}.Debug|Any CPU.Build.0 = Debug|Any CPU
		{20FDD0EB-F71E-4619-8314-E8F5CC0F37C1}.Release|Any CPU.ActiveCfg = Debug|Any CPU
		{20FDD0EB-F71E-4619-8314-E8F5CC0F37C1}.Release|Any CPU.Build.0 = Debug|Any CPU
		{42D01219-64F5-4568-B9DE-8A79A3CA0128}.Debug|Any CPU.ActiveCfg = Debug|Any CPU
		{42D01219-64F5-4568-B9DE-8A79A3CA0128}.Debug|Any CPU.Build.0 = Debug|Any CPU
		{42D01219-64F5-4568-B9DE-8A79A3CA0128}.Release|Any CPU.ActiveCfg = Debug|Any CPU
		{42D01219-64F5-4568-B9DE-8A79A3CA0128}.Release|Any CPU.Build.0 = Debug|Any CPU
	EndGlobalSection
EndGlobal
