Microsoft Visual Studio Solution File, Format Version 12.00
# Visual Studio 2012
Project("{FAE04EC0-301F-11D3-BF4B-00C04F79EFBC}") = "Tappy Plane", "Tappy Plane.csproj", "{1CED0E4C-AE1F-45C5-90C2-A337BC0F1BAE}"
EndProject
Global
	GlobalSection(SolutionConfigurationPlatforms) = preSolution
	Debug|Any CPU = Debug|Any CPU
	ExportDebug|Any CPU = ExportDebug|Any CPU
	ExportRelease|Any CPU = ExportRelease|Any CPU
	EndGlobalSection
	GlobalSection(ProjectConfigurationPlatforms) = postSolution
		{1CED0E4C-AE1F-45C5-90C2-A337BC0F1BAE}.Debug|Any CPU.ActiveCfg = Debug|Any CPU
		{1CED0E4C-AE1F-45C5-90C2-A337BC0F1BAE}.Debug|Any CPU.Build.0 = Debug|Any CPU
		{1CED0E4C-AE1F-45C5-90C2-A337BC0F1BAE}.ExportDebug|Any CPU.ActiveCfg = ExportDebug|Any CPU
		{1CED0E4C-AE1F-45C5-90C2-A337BC0F1BAE}.ExportDebug|Any CPU.Build.0 = ExportDebug|Any CPU
		{1CED0E4C-AE1F-45C5-90C2-A337BC0F1BAE}.ExportRelease|Any CPU.ActiveCfg = ExportRelease|Any CPU
		{1CED0E4C-AE1F-45C5-90C2-A337BC0F1BAE}.ExportRelease|Any CPU.Build.0 = ExportRelease|Any CPU
	EndGlobalSection
EndGlobal
